{
  "name": "node",
  "lockfileVersion": 3,
  "requires": true,
  "packages": {
    "": {
      "dependencies": {
        "lwk_node": "^0.11.1"
      }
    },
    "node_modules/lwk_node": {
      "version": "0.11.1",
      "resolved": "https://registry.npmjs.org/lwk_node/-/lwk_node-0.11.1.tgz",
      "integrity": "sha512-bIjv9tYhUiV8cy57nZt5FGQPtW/LRxtD34tyt20LIAttY99Q6HvxFHDTSH0Qpr9evfeNvZDlKlHu/XWx49xFhA==",
      "license": "MIT OR BSD-2-Clause"
    }
  }
}
