{
  "name": "node",
  "lockfileVersion": 3,
  "requires": true,
  "packages": {
    "": {
      "dependencies": {
        "lwk_node": "file:../../pkg_node"
      }
    },
    "../../pkg_node": {
      "name": "lwk_node",
      "version": "0.11.1",
      "license": "MIT OR BSD-2-Clause"
    },
    "node_modules/lwk_node": {
      "resolved": "../../pkg_node",
      "link": true
    }
  }
}
