{
  "nodes": {
    "crane": {
      "locked": {
        "lastModified": 1741481578,
        "narHash": "sha256-JBTSyJFQdO3V8cgcL08VaBUByEU6P5kXbTJN6R0PFQo=",
        "owner": "ipetkov",
        "repo": "crane",
        "rev": "bb1c9567c43e4434f54e9481eb4b8e8e0d50f0b5",
        "type": "github"
      },
      "original": {
        "owner": "ipetkov",
        "repo": "crane",
        "type": "github"
      }
    },
    "electrs-flake": {
      "inputs": {
        "crane": [
          "crane"
        ],
        "flake-utils": [
          "flake-utils"
        ],
        "nixpkgs": [
          "nixpkgs"
        ],
        "rust-overlay": [
          "rust-overlay"
        ]
      },
      "locked": {
        "lastModified": 1738613112,
        "narHash": "sha256-1zSAFpWrLYBC2i/TYK94E9NtZ7EbR9lF6bbbhI/LEKc=",
        "owner": "blockstream",
        "repo": "electrs",
        "rev": "84cd0eddd91fda2a9ed39e702fc53f976503cd9d",
        "type": "github"
      },
      "original": {
        "owner": "blockstream",
        "repo": "electrs",
        "type": "github"
      }
    },
    "flake-utils": {
      "inputs": {
        "systems": "systems"
      },
      "locked": {
        "lastModified": 1731533236,
        "narHash": "sha256-l0KFg5HjrsfsO/JpG+r7fRrqm12kzFHyUHqHCVpMMbI=",
        "owner": "numtide",
        "repo": "flake-utils",
        "rev": "11707dc2f618dd54ca8739b309ec4fc024de578b",
        "type": "github"
      },
      "original": {
        "owner": "numtide",
        "repo": "flake-utils",
        "type": "github"
      }
    },
    "nexus_relay": {
      "inputs": {
        "flake-utils": [
          "flake-utils"
        ],
        "nixpkgs": [
          "nixpkgs"
        ],
        "rust-overlay": "rust-overlay"
      },
      "locked": {
        "lastModified": 1757435977,
        "narHash": "sha256-A07W9qw2u7h/DSPrnmOafVEn34dY8YUu673RkSUL8cM=",
        "owner": "RCasatta",
        "repo": "nexus_relay",
        "rev": "bf4c3c56b9570fee3cf4ee1e46a9af77b9f2fcdd",
        "type": "github"
      },
      "original": {
        "owner": "RCasatta",
        "repo": "nexus_relay",
        "type": "github"
      }
    },
    "nixpkgs": {
      "locked": {
        "lastModified": 1744536153,
        "narHash": "sha256-awS2zRgF4uTwrOKwwiJcByDzDOdo3Q1rPZbiHQg/N38=",
        "owner": "NixOS",
        "repo": "nixpkgs",
        "rev": "18dd725c29603f582cf1900e0d25f9f1063dbf11",
        "type": "github"
      },
      "original": {
        "owner": "NixOS",
        "ref": "nixpkgs-unstable",
        "repo": "nixpkgs",
        "type": "github"
      }
    },
    "nixpkgs_2": {
      "locked": {
        "lastModified": 1744463964,
        "narHash": "sha256-LWqduOgLHCFxiTNYi3Uj5Lgz0SR+Xhw3kr/3Xd0GPTM=",
        "owner": "NixOS",
        "repo": "nixpkgs",
        "rev": "2631b0b7abcea6e640ce31cd78ea58910d31e650",
        "type": "github"
      },
      "original": {
        "owner": "NixOS",
        "ref": "nixos-unstable",
        "repo": "nixpkgs",
        "type": "github"
      }
    },
    "registry-flake": {
      "inputs": {
        "crane": [
          "crane"
        ],
        "flake-utils": [
          "flake-utils"
        ],
        "nixpkgs": [
          "nixpkgs"
        ],
        "rust-overlay": [
          "rust-overlay"
        ]
      },
      "locked": {
        "lastModified": 1742551508,
        "narHash": "sha256-gVpltnRFZzQOW9PJReg9PCKXFJzDw7ID4pr1ejFvGjo=",
        "owner": "blockstream",
        "repo": "asset_registry",
        "rev": "2f2e771f99a6dd393bcb7c2b98bbd39eaa600002",
        "type": "github"
      },
      "original": {
        "owner": "blockstream",
        "ref": "flake",
        "repo": "asset_registry",
        "type": "github"
      }
    },
    "root": {
      "inputs": {
        "crane": "crane",
        "electrs-flake": "electrs-flake",
        "flake-utils": "flake-utils",
        "nexus_relay": "nexus_relay",
        "nixpkgs": "nixpkgs_2",
        "registry-flake": "registry-flake",
        "rust-overlay": "rust-overlay_2",
        "waterfalls-flake": "waterfalls-flake"
      }
    },
    "rust-overlay": {
      "inputs": {
        "nixpkgs": "nixpkgs"
      },
      "locked": {
        "lastModified": 1751942411,
        "narHash": "sha256-01uMHCt2U9tP4f24DGch145tT8YQppLY5TC9mWK7O0A=",
        "owner": "oxalica",
        "repo": "rust-overlay",
        "rev": "c587235f892930a61c9e415f0d9792a1b27a41a2",
        "type": "github"
      },
      "original": {
        "owner": "oxalica",
        "repo": "rust-overlay",
        "type": "github"
      }
    },
    "rust-overlay_2": {
      "inputs": {
        "nixpkgs": [
          "nixpkgs"
        ]
      },
      "locked": {
        "lastModified": 1741660300,
        "narHash": "sha256-0jldJ58sC5RjqwpwE+ER+RPMeX4Moz5im/evQ3SU/dU=",
        "owner": "oxalica",
        "repo": "rust-overlay",
        "rev": "ac2f556db0eb5cbba3c4f5f5989c46330f439b0b",
        "type": "github"
      },
      "original": {
        "owner": "oxalica",
        "repo": "rust-overlay",
        "type": "github"
      }
    },
    "systems": {
      "locked": {
        "lastModified": 1681028828,
        "narHash": "sha256-Vy1rq5AaRuLzOxct8nz4T6wlgyUR7zLU309k9mBC768=",
        "owner": "nix-systems",
        "repo": "default",
        "rev": "da67096a3b9bf56a91d16901293e51ba5b49a27e",
        "type": "github"
      },
      "original": {
        "owner": "nix-systems",
        "repo": "default",
        "type": "github"
      }
    },
    "waterfalls-flake": {
      "inputs": {
        "crane": [
          "crane"
        ],
        "flake-utils": [
          "flake-utils"
        ],
        "nixpkgs": [
          "nixpkgs"
        ],
        "rust-overlay": [
          "rust-overlay"
        ]
      },
      "locked": {
        "lastModified": 1764238865,
        "narHash": "sha256-vFqN1jnixulWiBD5i7VCbGZrXJa9cJWie/bPCsHv1KI=",
        "owner": "RCasatta",
        "repo": "waterfalls",
        "rev": "cbcfbc69dfedfbbb452fc63e4ffff06d00c25240",
        "type": "github"
      },
      "original": {
        "owner": "RCasatta",
        "repo": "waterfalls",
        "type": "github"
      }
    }
  },
  "root": "root",
  "version": 7
}
