{
  "name": "lwk-js-workspace",
  "version": "0.16.0",
  "lockfileVersion": 3,
  "requires": true,
  "packages": {
    "": {
      "name": "lwk-js-workspace",
      "version": "0.16.0",
      "license": "MIT OR BSD-2-Clause",
      "workspaces": [
        "packages/*"
      ],
      "devDependencies": {},
      "engines": {
        "node": ">=18"
      }
    },
    "node_modules/@blockstream/lwk-node": {
      "resolved": "packages/node",
      "link": true
    },
    "node_modules/@blockstream/lwk-web": {
      "resolved": "packages/web",
      "link": true
    },
    "packages/node": {
      "name": "@blockstream/lwk-node",
      "version": "0.16.0",
      "license": "MIT OR BSD-2-Clause",
      "engines": {
        "node": ">=18"
      }
    },
    "packages/web": {
      "name": "@blockstream/lwk-web",
      "version": "0.16.0",
      "license": "MIT OR BSD-2-Clause",
      "engines": {
        "node": ">=18"
      }
    }
  }
}
